
Microsoft Visual Studio Solution File, Format Version 12.00
# Visual Studio Version 17
VisualStudioVersion = 17.12.35707.178 d17.12
MinimumVisualStudioVersion = 10.0.40219.1
Project("{2150E333-8FDC-42A3-9474-1A3956D46DE8}") = "services", "services", "{5B89C00F-285C-4A18-8629-74B9191F45E4}"
EndProject
Project("{2150E333-8FDC-42A3-9474-1A3956D46DE8}") = "shared", "shared", "{91E3C3CB-4985-4D99-B540-5496471FD4CF}"
EndProject
Project("{2150E333-8FDC-42A3-9474-1A3956D46DE8}") = "identity-service", "identity-service", "{73CEF299-00FB-4A9F-8035-B4FC4CA85492}"
EndProject
Project("{2150E333-8FDC-42A3-9474-1A3956D46DE8}") = "user-service", "user-service", "{393208A4-8693-4419-8EB8-5807657D2A14}"
EndProject
Project("{2150E333-8FDC-42A3-9474-1A3956D46DE8}") = "product-service", "product-service", "{FC002F42-60F1-4387-BCBA-5CF75D1E8FD3}"
EndProject
Project("{2150E333-8FDC-42A3-9474-1A3956D46DE8}") = "api-gateway", "api-gateway", "{D18564EF-869F-4C39-B61A-727EB5372BA6}"
EndProject
Project("{FAE04EC0-301F-11D3-BF4B-00C04F79EFBC}") = "IdentityService.API", "IdentityService.API\IdentityService.API.csproj", "{E8EC714D-3486-4BB6-9276-5C3A63C032A6}"
EndProject
Project("{FAE04EC0-301F-11D3-BF4B-00C04F79EFBC}") = "IdentityService.Application", "IdentityService.Application\IdentityService.Application.csproj", "{5ACA5E68-507D-4681-BDAD-22765BF4C569}"
EndProject
Project("{FAE04EC0-301F-11D3-BF4B-00C04F79EFBC}") = "IdentityService.Domain", "IdentityService.Domain\IdentityService.Domain.csproj", "{EA671912-7357-4995-B1BE-D1E76CBB75B7}"
EndProject
Project("{FAE04EC0-301F-11D3-BF4B-00C04F79EFBC}") = "IdentityService.Infrastructure", "IdentityService.Infrastructure\IdentityService.Infrastructure.csproj", "{512C8D4B-98ED-4A44-ACCE-7CF1CA00EC38}"
EndProject
Project("{FAE04EC0-301F-11D3-BF4B-00C04F79EFBC}") = "UserService.API", "UserService.API\UserService.API.csproj", "{F1246F94-B49E-49AD-AC3B-3873DAC849CC}"
EndProject
Project("{FAE04EC0-301F-11D3-BF4B-00C04F79EFBC}") = "UserService.Application", "UserService.Application\UserService.Application.csproj", "{86161940-26CC-4A9F-AF2E-AEAFC1F5289A}"
EndProject
Project("{FAE04EC0-301F-11D3-BF4B-00C04F79EFBC}") = "UserService.Domain", "UserService.Domain\UserService.Domain.csproj", "{12F058B3-C46B-4103-A302-32B7CA9C65A6}"
EndProject
Project("{FAE04EC0-301F-11D3-BF4B-00C04F79EFBC}") = "UserService.Infrastructure", "UserService.Infrastructure\UserService.Infrastructure.csproj", "{FB78D0F0-92B1-40A2-87CE-057DEE69966B}"
EndProject
Project("{FAE04EC0-301F-11D3-BF4B-00C04F79EFBC}") = "ProductService.API", "ProductService.API\ProductService.API.csproj", "{3712C8C0-11AB-431E-8A8D-132E82AF4A5B}"
EndProject
Project("{FAE04EC0-301F-11D3-BF4B-00C04F79EFBC}") = "ProductService.Application", "ProductService.Application\ProductService.Application.csproj", "{9A8FC835-6BDA-40D3-BF92-90DCCCA0AFAB}"
EndProject
Project("{FAE04EC0-301F-11D3-BF4B-00C04F79EFBC}") = "ProductService.Domain", "ProductService.Domain\ProductService.Domain.csproj", "{05051CCE-3B03-4BAD-9143-C3C861555949}"
EndProject
Project("{FAE04EC0-301F-11D3-BF4B-00C04F79EFBC}") = "ProductService.Infrastructure", "ProductService.Infrastructure\ProductService.Infrastructure.csproj", "{07CE727A-8E5A-43A9-9748-05A128E62A22}"
EndProject
Project("{FAE04EC0-301F-11D3-BF4B-00C04F79EFBC}") = "ApiGateway.API", "ApiGateway.API\ApiGateway.API.csproj", "{E86D10FA-0F50-4B4E-9C0B-C28B6FB8D1F7}"
EndProject
Global
	GlobalSection(SolutionConfigurationPlatforms) = preSolution
		Debug|Any CPU = Debug|Any CPU
		Release|Any CPU = Release|Any CPU
	EndGlobalSection
	GlobalSection(ProjectConfigurationPlatforms) = postSolution
		{E8EC714D-3486-4BB6-9276-5C3A63C032A6}.Debug|Any CPU.ActiveCfg = Debug|Any CPU
		{E8EC714D-3486-4BB6-9276-5C3A63C032A6}.Debug|Any CPU.Build.0 = Debug|Any CPU
		{E8EC714D-3486-4BB6-9276-5C3A63C032A6}.Release|Any CPU.ActiveCfg = Release|Any CPU
		{E8EC714D-3486-4BB6-9276-5C3A63C032A6}.Release|Any CPU.Build.0 = Release|Any CPU
		{5ACA5E68-507D-4681-BDAD-22765BF4C569}.Debug|Any CPU.ActiveCfg = Debug|Any CPU
		{5ACA5E68-507D-4681-BDAD-22765BF4C569}.Debug|Any CPU.Build.0 = Debug|Any CPU
		{5ACA5E68-507D-4681-BDAD-22765BF4C569}.Release|Any CPU.ActiveCfg = Release|Any CPU
		{5ACA5E68-507D-4681-BDAD-22765BF4C569}.Release|Any CPU.Build.0 = Release|Any CPU
		{EA671912-7357-4995-B1BE-D1E76CBB75B7}.Debug|Any CPU.ActiveCfg = Debug|Any CPU
		{EA671912-7357-4995-B1BE-D1E76CBB75B7}.Debug|Any CPU.Build.0 = Debug|Any CPU
		{EA671912-7357-4995-B1BE-D1E76CBB75B7}.Release|Any CPU.ActiveCfg = Release|Any CPU
		{EA671912-7357-4995-B1BE-D1E76CBB75B7}.Release|Any CPU.Build.0 = Release|Any CPU
		{512C8D4B-98ED-4A44-ACCE-7CF1CA00EC38}.Debug|Any CPU.ActiveCfg = Debug|Any CPU
		{512C8D4B-98ED-4A44-ACCE-7CF1CA00EC38}.Debug|Any CPU.Build.0 = Debug|Any CPU
		{512C8D4B-98ED-4A44-ACCE-7CF1CA00EC38}.Release|Any CPU.ActiveCfg = Release|Any CPU
		{512C8D4B-98ED-4A44-ACCE-7CF1CA00EC38}.Release|Any CPU.Build.0 = Release|Any CPU
		{F1246F94-B49E-49AD-AC3B-3873DAC849CC}.Debug|Any CPU.ActiveCfg = Debug|Any CPU
		{F1246F94-B49E-49AD-AC3B-3873DAC849CC}.Debug|Any CPU.Build.0 = Debug|Any CPU
		{F1246F94-B49E-49AD-AC3B-3873DAC849CC}.Release|Any CPU.ActiveCfg = Release|Any CPU
		{F1246F94-B49E-49AD-AC3B-3873DAC849CC}.Release|Any CPU.Build.0 = Release|Any CPU
		{86161940-26CC-4A9F-AF2E-AEAFC1F5289A}.Debug|Any CPU.ActiveCfg = Debug|Any CPU
		{86161940-26CC-4A9F-AF2E-AEAFC1F5289A}.Debug|Any CPU.Build.0 = Debug|Any CPU
		{86161940-26CC-4A9F-AF2E-AEAFC1F5289A}.Release|Any CPU.ActiveCfg = Release|Any CPU
		{86161940-26CC-4A9F-AF2E-AEAFC1F5289A}.Release|Any CPU.Build.0 = Release|Any CPU
		{12F058B3-C46B-4103-A302-32B7CA9C65A6}.Debug|Any CPU.ActiveCfg = Debug|Any CPU
		{12F058B3-C46B-4103-A302-32B7CA9C65A6}.Debug|Any CPU.Build.0 = Debug|Any CPU
		{12F058B3-C46B-4103-A302-32B7CA9C65A6}.Release|Any CPU.ActiveCfg = Release|Any CPU
		{12F058B3-C46B-4103-A302-32B7CA9C65A6}.Release|Any CPU.Build.0 = Release|Any CPU
		{FB78D0F0-92B1-40A2-87CE-057DEE69966B}.Debug|Any CPU.ActiveCfg = Debug|Any CPU
		{FB78D0F0-92B1-40A2-87CE-057DEE69966B}.Debug|Any CPU.Build.0 = Debug|Any CPU
		{FB78D0F0-92B1-40A2-87CE-057DEE69966B}.Release|Any CPU.ActiveCfg = Release|Any CPU
		{FB78D0F0-92B1-40A2-87CE-057DEE69966B}.Release|Any CPU.Build.0 = Release|Any CPU
		{3712C8C0-11AB-431E-8A8D-132E82AF4A5B}.Debug|Any CPU.ActiveCfg = Debug|Any CPU
		{3712C8C0-11AB-431E-8A8D-132E82AF4A5B}.Debug|Any CPU.Build.0 = Debug|Any CPU
		{3712C8C0-11AB-431E-8A8D-132E82AF4A5B}.Release|Any CPU.ActiveCfg = Release|Any CPU
		{3712C8C0-11AB-431E-8A8D-132E82AF4A5B}.Release|Any CPU.Build.0 = Release|Any CPU
		{9A8FC835-6BDA-40D3-BF92-90DCCCA0AFAB}.Debug|Any CPU.ActiveCfg = Debug|Any CPU
		{9A8FC835-6BDA-40D3-BF92-90DCCCA0AFAB}.Debug|Any CPU.Build.0 = Debug|Any CPU
		{9A8FC835-6BDA-40D3-BF92-90DCCCA0AFAB}.Release|Any CPU.ActiveCfg = Release|Any CPU
		{9A8FC835-6BDA-40D3-BF92-90DCCCA0AFAB}.Release|Any CPU.Build.0 = Release|Any CPU
		{05051CCE-3B03-4BAD-9143-C3C861555949}.Debug|Any CPU.ActiveCfg = Debug|Any CPU
		{05051CCE-3B03-4BAD-9143-C3C861555949}.Debug|Any CPU.Build.0 = Debug|Any CPU
		{05051CCE-3B03-4BAD-9143-C3C861555949}.Release|Any CPU.ActiveCfg = Release|Any CPU
		{05051CCE-3B03-4BAD-9143-C3C861555949}.Release|Any CPU.Build.0 = Release|Any CPU
		{07CE727A-8E5A-43A9-9748-05A128E62A22}.Debug|Any CPU.ActiveCfg = Debug|Any CPU
		{07CE727A-8E5A-43A9-9748-05A128E62A22}.Debug|Any CPU.Build.0 = Debug|Any CPU
		{07CE727A-8E5A-43A9-9748-05A128E62A22}.Release|Any CPU.ActiveCfg = Release|Any CPU
		{07CE727A-8E5A-43A9-9748-05A128E62A22}.Release|Any CPU.Build.0 = Release|Any CPU
		{E86D10FA-0F50-4B4E-9C0B-C28B6FB8D1F7}.Debug|Any CPU.ActiveCfg = Debug|Any CPU
		{E86D10FA-0F50-4B4E-9C0B-C28B6FB8D1F7}.Debug|Any CPU.Build.0 = Debug|Any CPU
		{E86D10FA-0F50-4B4E-9C0B-C28B6FB8D1F7}.Release|Any CPU.ActiveCfg = Release|Any CPU
		{E86D10FA-0F50-4B4E-9C0B-C28B6FB8D1F7}.Release|Any CPU.Build.0 = Release|Any CPU
	EndGlobalSection
	GlobalSection(SolutionProperties) = preSolution
		HideSolutionNode = FALSE
	EndGlobalSection
	GlobalSection(NestedProjects) = preSolution
		{73CEF299-00FB-4A9F-8035-B4FC4CA85492} = {5B89C00F-285C-4A18-8629-74B9191F45E4}
		{393208A4-8693-4419-8EB8-5807657D2A14} = {5B89C00F-285C-4A18-8629-74B9191F45E4}
		{FC002F42-60F1-4387-BCBA-5CF75D1E8FD3} = {5B89C00F-285C-4A18-8629-74B9191F45E4}
		{D18564EF-869F-4C39-B61A-727EB5372BA6} = {5B89C00F-285C-4A18-8629-74B9191F45E4}
		{E8EC714D-3486-4BB6-9276-5C3A63C032A6} = {73CEF299-00FB-4A9F-8035-B4FC4CA85492}
		{5ACA5E68-507D-4681-BDAD-22765BF4C569} = {73CEF299-00FB-4A9F-8035-B4FC4CA85492}
		{EA671912-7357-4995-B1BE-D1E76CBB75B7} = {73CEF299-00FB-4A9F-8035-B4FC4CA85492}
		{512C8D4B-98ED-4A44-ACCE-7CF1CA00EC38} = {73CEF299-00FB-4A9F-8035-B4FC4CA85492}
		{F1246F94-B49E-49AD-AC3B-3873DAC849CC} = {393208A4-8693-4419-8EB8-5807657D2A14}
		{86161940-26CC-4A9F-AF2E-AEAFC1F5289A} = {393208A4-8693-4419-8EB8-5807657D2A14}
		{12F058B3-C46B-4103-A302-32B7CA9C65A6} = {393208A4-8693-4419-8EB8-5807657D2A14}
		{FB78D0F0-92B1-40A2-87CE-057DEE69966B} = {393208A4-8693-4419-8EB8-5807657D2A14}
		{3712C8C0-11AB-431E-8A8D-132E82AF4A5B} = {FC002F42-60F1-4387-BCBA-5CF75D1E8FD3}
		{9A8FC835-6BDA-40D3-BF92-90DCCCA0AFAB} = {FC002F42-60F1-4387-BCBA-5CF75D1E8FD3}
		{05051CCE-3B03-4BAD-9143-C3C861555949} = {FC002F42-60F1-4387-BCBA-5CF75D1E8FD3}
		{07CE727A-8E5A-43A9-9748-05A128E62A22} = {FC002F42-60F1-4387-BCBA-5CF75D1E8FD3}
		{E86D10FA-0F50-4B4E-9C0B-C28B6FB8D1F7} = {D18564EF-869F-4C39-B61A-727EB5372BA6}
	EndGlobalSection
EndGlobal
