
Microsoft Visual Studio Solution File, Format Version 12.00
# Visual Studio Version 17
VisualStudioVersion = 17.12.35707.178
MinimumVisualStudioVersion = 10.0.40219.1
Project("{2150E333-8FDC-42A3-9474-1A3956D46DE8}") = "services", "services", "{5B89C00F-285C-4A18-8629-74B9191F45E4}"
EndProject
Project("{2150E333-8FDC-42A3-9474-1A3956D46DE8}") = "identity-service", "identity-service", "{73CEF299-00FB-4A9F-8035-B4FC4CA85492}"
EndProject
Project("{2150E333-8FDC-42A3-9474-1A3956D46DE8}") = "product-service", "product-service", "{FC002F42-60F1-4387-BCBA-5CF75D1E8FD3}"
EndProject
Project("{2150E333-8FDC-42A3-9474-1A3956D46DE8}") = "api-gateway", "api-gateway", "{D18564EF-869F-4C39-B61A-727EB5372BA6}"
EndProject
Project("{FAE04EC0-301F-11D3-BF4B-00C04F79EFBC}") = "ApiGateway.API", "api-gateway\ApiGateway.API\ApiGateway.API.csproj", "{38CF27BF-BA11-4D3F-876C-2C053E933E3C}"
EndProject
Project("{FAE04EC0-301F-11D3-BF4B-00C04F79EFBC}") = "IdentityService.API", "identity-service\IdentityService.API\IdentityService.API.csproj", "{8E062EE6-9FE7-4134-A9CC-531BA1E2D436}"
EndProject
Project("{FAE04EC0-301F-11D3-BF4B-00C04F79EFBC}") = "IdentityService.Application", "identity-service\IdentityService.Application\IdentityService.Application.csproj", "{BBA287C3-F381-4D8C-9498-5743D1CE37A8}"
EndProject
Project("{FAE04EC0-301F-11D3-BF4B-00C04F79EFBC}") = "IdentityService.Domain", "identity-service\IdentityService.Domain\IdentityService.Domain.csproj", "{229E7F83-AAC4-44DC-8F6B-0810954832A9}"
EndProject
Project("{FAE04EC0-301F-11D3-BF4B-00C04F79EFBC}") = "IdentityService.DTO", "identity-service\IdentityService.DTO\IdentityService.DTO.csproj", "{03DCC963-2455-4B17-8DAF-2E478D6FDDD3}"
EndProject
Project("{FAE04EC0-301F-11D3-BF4B-00C04F79EFBC}") = "IdentityService.Infrastructure", "identity-service\IdentityService.Infrastructure\IdentityService.Infrastructure.csproj", "{748088B1-BCDE-4ED6-A5B4-0D5ADE91A2D2}"
EndProject
Project("{FAE04EC0-301F-11D3-BF4B-00C04F79EFBC}") = "ProductService.API", "product-service\ProductService.API\ProductService.API.csproj", "{CED9704A-9DBC-4734-A8B3-37683F088689}"
EndProject
Project("{FAE04EC0-301F-11D3-BF4B-00C04F79EFBC}") = "ProductService.Application", "product-service\ProductService.Application\ProductService.Application.csproj", "{70CBD583-1CFD-442A-B248-FD5241320CCC}"
EndProject
Project("{FAE04EC0-301F-11D3-BF4B-00C04F79EFBC}") = "ProductService.Domain", "product-service\ProductService.Domain\ProductService.Domain.csproj", "{22E9FB24-C5C2-44DD-8669-92A7EDE1D0FB}"
EndProject
Project("{FAE04EC0-301F-11D3-BF4B-00C04F79EFBC}") = "ProductService.Infrastructure", "product-service\ProductService.Infrastructure\ProductService.Infrastructure.csproj", "{E8483EEF-9100-457D-BC99-49860C20DDAA}"
EndProject
Global
	GlobalSection(SolutionConfigurationPlatforms) = preSolution
		Debug|Any CPU = Debug|Any CPU
		Release|Any CPU = Release|Any CPU
	EndGlobalSection
	GlobalSection(ProjectConfigurationPlatforms) = postSolution
		{38CF27BF-BA11-4D3F-876C-2C053E933E3C}.Debug|Any CPU.ActiveCfg = Debug|Any CPU
		{38CF27BF-BA11-4D3F-876C-2C053E933E3C}.Debug|Any CPU.Build.0 = Debug|Any CPU
		{38CF27BF-BA11-4D3F-876C-2C053E933E3C}.Release|Any CPU.ActiveCfg = Release|Any CPU
		{38CF27BF-BA11-4D3F-876C-2C053E933E3C}.Release|Any CPU.Build.0 = Release|Any CPU
		{8E062EE6-9FE7-4134-A9CC-531BA1E2D436}.Debug|Any CPU.ActiveCfg = Debug|Any CPU
		{8E062EE6-9FE7-4134-A9CC-531BA1E2D436}.Debug|Any CPU.Build.0 = Debug|Any CPU
		{8E062EE6-9FE7-4134-A9CC-531BA1E2D436}.Release|Any CPU.ActiveCfg = Release|Any CPU
		{8E062EE6-9FE7-4134-A9CC-531BA1E2D436}.Release|Any CPU.Build.0 = Release|Any CPU
		{BBA287C3-F381-4D8C-9498-5743D1CE37A8}.Debug|Any CPU.ActiveCfg = Debug|Any CPU
		{BBA287C3-F381-4D8C-9498-5743D1CE37A8}.Debug|Any CPU.Build.0 = Debug|Any CPU
		{BBA287C3-F381-4D8C-9498-5743D1CE37A8}.Release|Any CPU.ActiveCfg = Release|Any CPU
		{BBA287C3-F381-4D8C-9498-5743D1CE37A8}.Release|Any CPU.Build.0 = Release|Any CPU
		{229E7F83-AAC4-44DC-8F6B-0810954832A9}.Debug|Any CPU.ActiveCfg = Debug|Any CPU
		{229E7F83-AAC4-44DC-8F6B-0810954832A9}.Debug|Any CPU.Build.0 = Debug|Any CPU
		{229E7F83-AAC4-44DC-8F6B-0810954832A9}.Release|Any CPU.ActiveCfg = Release|Any CPU
		{229E7F83-AAC4-44DC-8F6B-0810954832A9}.Release|Any CPU.Build.0 = Release|Any CPU
		{03DCC963-2455-4B17-8DAF-2E478D6FDDD3}.Debug|Any CPU.ActiveCfg = Debug|Any CPU
		{03DCC963-2455-4B17-8DAF-2E478D6FDDD3}.Debug|Any CPU.Build.0 = Debug|Any CPU
		{03DCC963-2455-4B17-8DAF-2E478D6FDDD3}.Release|Any CPU.ActiveCfg = Release|Any CPU
		{03DCC963-2455-4B17-8DAF-2E478D6FDDD3}.Release|Any CPU.Build.0 = Release|Any CPU
		{748088B1-BCDE-4ED6-A5B4-0D5ADE91A2D2}.Debug|Any CPU.ActiveCfg = Debug|Any CPU
		{748088B1-BCDE-4ED6-A5B4-0D5ADE91A2D2}.Debug|Any CPU.Build.0 = Debug|Any CPU
		{748088B1-BCDE-4ED6-A5B4-0D5ADE91A2D2}.Release|Any CPU.ActiveCfg = Release|Any CPU
		{748088B1-BCDE-4ED6-A5B4-0D5ADE91A2D2}.Release|Any CPU.Build.0 = Release|Any CPU
		{CED9704A-9DBC-4734-A8B3-37683F088689}.Debug|Any CPU.ActiveCfg = Debug|Any CPU
		{CED9704A-9DBC-4734-A8B3-37683F088689}.Debug|Any CPU.Build.0 = Debug|Any CPU
		{CED9704A-9DBC-4734-A8B3-37683F088689}.Release|Any CPU.ActiveCfg = Release|Any CPU
		{CED9704A-9DBC-4734-A8B3-37683F088689}.Release|Any CPU.Build.0 = Release|Any CPU
		{70CBD583-1CFD-442A-B248-FD5241320CCC}.Debug|Any CPU.ActiveCfg = Debug|Any CPU
		{70CBD583-1CFD-442A-B248-FD5241320CCC}.Debug|Any CPU.Build.0 = Debug|Any CPU
		{70CBD583-1CFD-442A-B248-FD5241320CCC}.Release|Any CPU.ActiveCfg = Release|Any CPU
		{70CBD583-1CFD-442A-B248-FD5241320CCC}.Release|Any CPU.Build.0 = Release|Any CPU
		{22E9FB24-C5C2-44DD-8669-92A7EDE1D0FB}.Debug|Any CPU.ActiveCfg = Debug|Any CPU
		{22E9FB24-C5C2-44DD-8669-92A7EDE1D0FB}.Debug|Any CPU.Build.0 = Debug|Any CPU
		{22E9FB24-C5C2-44DD-8669-92A7EDE1D0FB}.Release|Any CPU.ActiveCfg = Release|Any CPU
		{22E9FB24-C5C2-44DD-8669-92A7EDE1D0FB}.Release|Any CPU.Build.0 = Release|Any CPU
		{E8483EEF-9100-457D-BC99-49860C20DDAA}.Debug|Any CPU.ActiveCfg = Debug|Any CPU
		{E8483EEF-9100-457D-BC99-49860C20DDAA}.Debug|Any CPU.Build.0 = Debug|Any CPU
		{E8483EEF-9100-457D-BC99-49860C20DDAA}.Release|Any CPU.ActiveCfg = Release|Any CPU
		{E8483EEF-9100-457D-BC99-49860C20DDAA}.Release|Any CPU.Build.0 = Release|Any CPU
	EndGlobalSection
	GlobalSection(SolutionProperties) = preSolution
		HideSolutionNode = FALSE
	EndGlobalSection
	GlobalSection(NestedProjects) = preSolution
		{73CEF299-00FB-4A9F-8035-B4FC4CA85492} = {5B89C00F-285C-4A18-8629-74B9191F45E4}
		{FC002F42-60F1-4387-BCBA-5CF75D1E8FD3} = {5B89C00F-285C-4A18-8629-74B9191F45E4}
		{D18564EF-869F-4C39-B61A-727EB5372BA6} = {5B89C00F-285C-4A18-8629-74B9191F45E4}
		{38CF27BF-BA11-4D3F-876C-2C053E933E3C} = {D18564EF-869F-4C39-B61A-727EB5372BA6}
		{8E062EE6-9FE7-4134-A9CC-531BA1E2D436} = {73CEF299-00FB-4A9F-8035-B4FC4CA85492}
		{BBA287C3-F381-4D8C-9498-5743D1CE37A8} = {73CEF299-00FB-4A9F-8035-B4FC4CA85492}
		{229E7F83-AAC4-44DC-8F6B-0810954832A9} = {73CEF299-00FB-4A9F-8035-B4FC4CA85492}
		{03DCC963-2455-4B17-8DAF-2E478D6FDDD3} = {73CEF299-00FB-4A9F-8035-B4FC4CA85492}
		{748088B1-BCDE-4ED6-A5B4-0D5ADE91A2D2} = {73CEF299-00FB-4A9F-8035-B4FC4CA85492}
		{CED9704A-9DBC-4734-A8B3-37683F088689} = {FC002F42-60F1-4387-BCBA-5CF75D1E8FD3}
		{70CBD583-1CFD-442A-B248-FD5241320CCC} = {FC002F42-60F1-4387-BCBA-5CF75D1E8FD3}
		{22E9FB24-C5C2-44DD-8669-92A7EDE1D0FB} = {FC002F42-60F1-4387-BCBA-5CF75D1E8FD3}
		{E8483EEF-9100-457D-BC99-49860C20DDAA} = {FC002F42-60F1-4387-BCBA-5CF75D1E8FD3}
	EndGlobalSection
EndGlobal
